
Microsoft Visual Studio Solution File, Format Version 12.00
# Visual Studio 15
VisualStudioVersion = 15.0.26730.16
MinimumVisualStudioVersion = 10.0.40219.1
Project("{FAE04EC0-301F-11D3-BF4B-00C04F79EFBC}") = "Triangle", "Triangle\Triangle.csproj", "{67F7C355-035E-48E6-B1C0-FF1C4ACDD396}"
EndProject
Global
	GlobalSection(SolutionConfigurationPlatforms) = preSolution
		Debug|Any CPU = Debug|Any CPU
		Release|Any CPU = Release|Any CPU
	EndGlobalSection
	GlobalSection(ProjectConfigurationPlatforms) = postSolution
		{67F7C355-035E-48E6-B1C0-FF1C4ACDD396}.Debug|Any CPU.ActiveCfg = Debug|Any CPU
		{67F7C355-035E-48E6-B1C0-FF1C4ACDD396}.Debug|Any CPU.Build.0 = Debug|Any CPU
		{67F7C355-035E-48E6-B1C0-FF1C4ACDD396}.Release|Any CPU.ActiveCfg = Release|Any CPU
		{67F7C355-035E-48E6-B1C0-FF1C4ACDD396}.Release|Any CPU.Build.0 = Release|Any CPU
	EndGlobalSection
	GlobalSection(SolutionProperties) = preSolution
		HideSolutionNode = FALSE
	EndGlobalSection
	GlobalSection(ExtensibilityGlobals) = postSolution
		SolutionGuid = {D51D8362-4380-4B57-870F-B307839BE827}
	EndGlobalSection
EndGlobal
